<Solution>
  <Project Path="EggIncognito/EggIncognito.csproj" />
  <Project Path="EggIncognito.Core/EggIncognito.Core.csproj" />
  <Project Path="EggIncognito.GameData/EggIncognito.GameData.csproj" />
  <Project Path="EggIncognito.GameData/Tests/EggIncognito.GameData.Tests.csproj" />
  <Project Path="EggIncognito.Bot/EggIncognito.Bot.csproj" />
  <Project Path="EggIncognito.Capture/EggIncognito.Capture.csproj" />
  <Project Path="EggIncognito.CssBuild/EggIncognito.CssBuild.csproj" />
  <Project Path="EggIncognito.Data/EggIncognito.Data.csproj" />
  <Project Path="EggIncognito.FixtureSync/EggIncognito.FixtureSync.csproj" />
  <Project Path="EggIncognito.Protos/EggIncognito.Protos.csproj" />
  <Project Path="EggIncognito.RelayAgent/EggIncognito.RelayAgent.csproj" />
  <Project Path="EggIncognito.RouteGenerator/EggIncognito.RouteGenerator.csproj" />
  <Project Path="EggIncognito.Runner/EggIncognito.Runner.csproj" />
  <Project Path="EggIncognito.Runner/Tests/EggIncognito.Runner.Tests.csproj" />
  <Project Path="EggIncognito/Tests/EggIncognito.Tests.csproj" />
</Solution>
